{
  "nodes": {
    "nixpkgs": {
      "locked": {
        "lastModified": 1765536405,
        "narHash": "sha256-HTHfcqG8WsrJG0aW3edXF5nQJK3VjPWcUTEi/r0LV7o=",
        "owner": "NixOS",
        "repo": "nixpkgs",
        "rev": "27225de9f2030213246e0d8d62957c43d5229368",
        "type": "github"
      },
      "original": {
        "owner": "NixOS",
        "repo": "nixpkgs",
        "type": "github"
      }
    },
    "root": {
      "inputs": {
        "nixpkgs": "nixpkgs"
      }
    }
  },
  "root": "root",
  "version": 7
}
